
Microsoft Visual Studio Solution File, Format Version 12.00
# Visual Studio Version 17
VisualStudioVersion = 17.0.31903.59
MinimumVisualStudioVersion = 10.0.40219.1
Project("{2150E333-8FDC-42A3-9474-1A3956D46DE8}") = "src", "src", "{FC42661B-D672-4846-9E29-08B876529C9C}"
EndProject
Project("{2150E333-8FDC-42A3-9474-1A3956D46DE8}") = "Core", "Core", "{B384DE42-7234-4186-AFF3-0C920055359A}"
EndProject
Project("{FAE04EC0-301F-11D3-BF4B-00C04F79EFBC}") = "Application", "src\Core\Application\Application.csproj", "{F268F92A-3EA2-4420-93B3-03DFC87ABEA8}"
EndProject
Project("{FAE04EC0-301F-11D3-BF4B-00C04F79EFBC}") = "Domain", "src\Core\Domain\Domain.csproj", "{01D14DDD-5A41-485B-9D8D-796A8CF33E3D}"
EndProject
Project("{FAE04EC0-301F-11D3-BF4B-00C04F79EFBC}") = "Common", "src\Core\Common\Common.csproj", "{BF446751-A1B7-4E6C-ABC4-4EAB617F00AF}"
EndProject
Project("{2150E333-8FDC-42A3-9474-1A3956D46DE8}") = "Presentation", "Presentation", "{4E7CBCB8-999A-48B4-8A40-A0D38E388538}"
EndProject
Project("{FAE04EC0-301F-11D3-BF4B-00C04F79EFBC}") = "Web", "src\Presentation\Web\Web.csproj", "{5DBC7AB2-790D-4C03-9B7A-92763E9451AF}"
EndProject
Project("{FAE04EC0-301F-11D3-BF4B-00C04F79EFBC}") = "STS", "src\Presentation\STS\STS.csproj", "{4070EC32-EF46-4066-B298-AEDA50A19924}"
EndProject
Project("{2150E333-8FDC-42A3-9474-1A3956D46DE8}") = "tests", "tests", "{59426DFE-AAD1-42A5-8580-D49D4AAD042F}"
EndProject
Project("{FAE04EC0-301F-11D3-BF4B-00C04F79EFBC}") = "Web.Tests", "tests\Web\Web.Tests.csproj", "{1196EDA3-0F31-4F42-810F-89E4D7DDAB3A}"
EndProject
Project("{FAE04EC0-301F-11D3-BF4B-00C04F79EFBC}") = "Integration.Tests", "tests\Integration\Integration.Tests.csproj", "{9AA11889-4879-4285-B364-63C0BFC5CCE9}"
EndProject
Project("{2150E333-8FDC-42A3-9474-1A3956D46DE8}") = "Infrastructure", "Infrastructure", "{5B3A6AC1-54C7-443F-B77A-D0C78AFA9BDB}"
EndProject
Project("{FAE04EC0-301F-11D3-BF4B-00C04F79EFBC}") = "Infrastructure", "src\Infrastructure\Infrastructure\Infrastructure.csproj", "{26091F4B-0B2B-45A2-BF14-B895BD9FA831}"
EndProject
Project("{FAE04EC0-301F-11D3-BF4B-00C04F79EFBC}") = "NgNetCore.Domain.Core", "NgNetCore.Domain.Core\NgNetCore.Domain.Core.csproj", "{12E6A49D-0A81-4A19-8AAE-F34D51A2DC90}"
EndProject
Global
	GlobalSection(SolutionConfigurationPlatforms) = preSolution
		Debug|Any CPU = Debug|Any CPU
		Release|Any CPU = Release|Any CPU
	EndGlobalSection
	GlobalSection(SolutionProperties) = preSolution
		HideSolutionNode = FALSE
	EndGlobalSection
	GlobalSection(ProjectConfigurationPlatforms) = postSolution
		{F268F92A-3EA2-4420-93B3-03DFC87ABEA8}.Debug|Any CPU.ActiveCfg = Debug|Any CPU
		{F268F92A-3EA2-4420-93B3-03DFC87ABEA8}.Debug|Any CPU.Build.0 = Debug|Any CPU
		{F268F92A-3EA2-4420-93B3-03DFC87ABEA8}.Release|Any CPU.ActiveCfg = Release|Any CPU
		{F268F92A-3EA2-4420-93B3-03DFC87ABEA8}.Release|Any CPU.Build.0 = Release|Any CPU
		{01D14DDD-5A41-485B-9D8D-796A8CF33E3D}.Debug|Any CPU.ActiveCfg = Debug|Any CPU
		{01D14DDD-5A41-485B-9D8D-796A8CF33E3D}.Debug|Any CPU.Build.0 = Debug|Any CPU
		{01D14DDD-5A41-485B-9D8D-796A8CF33E3D}.Release|Any CPU.ActiveCfg = Release|Any CPU
		{01D14DDD-5A41-485B-9D8D-796A8CF33E3D}.Release|Any CPU.Build.0 = Release|Any CPU
		{BF446751-A1B7-4E6C-ABC4-4EAB617F00AF}.Debug|Any CPU.ActiveCfg = Debug|Any CPU
		{BF446751-A1B7-4E6C-ABC4-4EAB617F00AF}.Debug|Any CPU.Build.0 = Debug|Any CPU
		{BF446751-A1B7-4E6C-ABC4-4EAB617F00AF}.Release|Any CPU.ActiveCfg = Release|Any CPU
		{BF446751-A1B7-4E6C-ABC4-4EAB617F00AF}.Release|Any CPU.Build.0 = Release|Any CPU
		{5DBC7AB2-790D-4C03-9B7A-92763E9451AF}.Debug|Any CPU.ActiveCfg = Debug|Any CPU
		{5DBC7AB2-790D-4C03-9B7A-92763E9451AF}.Debug|Any CPU.Build.0 = Debug|Any CPU
		{5DBC7AB2-790D-4C03-9B7A-92763E9451AF}.Release|Any CPU.ActiveCfg = Release|Any CPU
		{5DBC7AB2-790D-4C03-9B7A-92763E9451AF}.Release|Any CPU.Build.0 = Release|Any CPU
		{4070EC32-EF46-4066-B298-AEDA50A19924}.Debug|Any CPU.ActiveCfg = Debug|Any CPU
		{4070EC32-EF46-4066-B298-AEDA50A19924}.Debug|Any CPU.Build.0 = Debug|Any CPU
		{4070EC32-EF46-4066-B298-AEDA50A19924}.Release|Any CPU.ActiveCfg = Release|Any CPU
		{4070EC32-EF46-4066-B298-AEDA50A19924}.Release|Any CPU.Build.0 = Release|Any CPU
		{1196EDA3-0F31-4F42-810F-89E4D7DDAB3A}.Debug|Any CPU.ActiveCfg = Debug|Any CPU
		{1196EDA3-0F31-4F42-810F-89E4D7DDAB3A}.Debug|Any CPU.Build.0 = Debug|Any CPU
		{1196EDA3-0F31-4F42-810F-89E4D7DDAB3A}.Release|Any CPU.ActiveCfg = Release|Any CPU
		{1196EDA3-0F31-4F42-810F-89E4D7DDAB3A}.Release|Any CPU.Build.0 = Release|Any CPU
		{9AA11889-4879-4285-B364-63C0BFC5CCE9}.Debug|Any CPU.ActiveCfg = Debug|Any CPU
		{9AA11889-4879-4285-B364-63C0BFC5CCE9}.Debug|Any CPU.Build.0 = Debug|Any CPU
		{9AA11889-4879-4285-B364-63C0BFC5CCE9}.Release|Any CPU.ActiveCfg = Release|Any CPU
		{9AA11889-4879-4285-B364-63C0BFC5CCE9}.Release|Any CPU.Build.0 = Release|Any CPU
		{26091F4B-0B2B-45A2-BF14-B895BD9FA831}.Debug|Any CPU.ActiveCfg = Debug|Any CPU
		{26091F4B-0B2B-45A2-BF14-B895BD9FA831}.Debug|Any CPU.Build.0 = Debug|Any CPU
		{26091F4B-0B2B-45A2-BF14-B895BD9FA831}.Release|Any CPU.ActiveCfg = Release|Any CPU
		{26091F4B-0B2B-45A2-BF14-B895BD9FA831}.Release|Any CPU.Build.0 = Release|Any CPU
		{12E6A49D-0A81-4A19-8AAE-F34D51A2DC90}.Debug|Any CPU.ActiveCfg = Debug|Any CPU
		{12E6A49D-0A81-4A19-8AAE-F34D51A2DC90}.Debug|Any CPU.Build.0 = Debug|Any CPU
		{12E6A49D-0A81-4A19-8AAE-F34D51A2DC90}.Release|Any CPU.ActiveCfg = Release|Any CPU
		{12E6A49D-0A81-4A19-8AAE-F34D51A2DC90}.Release|Any CPU.Build.0 = Release|Any CPU
	EndGlobalSection
	GlobalSection(NestedProjects) = preSolution
		{B384DE42-7234-4186-AFF3-0C920055359A} = {FC42661B-D672-4846-9E29-08B876529C9C}
		{F268F92A-3EA2-4420-93B3-03DFC87ABEA8} = {B384DE42-7234-4186-AFF3-0C920055359A}
		{01D14DDD-5A41-485B-9D8D-796A8CF33E3D} = {B384DE42-7234-4186-AFF3-0C920055359A}
		{BF446751-A1B7-4E6C-ABC4-4EAB617F00AF} = {B384DE42-7234-4186-AFF3-0C920055359A}
		{4E7CBCB8-999A-48B4-8A40-A0D38E388538} = {FC42661B-D672-4846-9E29-08B876529C9C}
		{5DBC7AB2-790D-4C03-9B7A-92763E9451AF} = {4E7CBCB8-999A-48B4-8A40-A0D38E388538}
		{4070EC32-EF46-4066-B298-AEDA50A19924} = {4E7CBCB8-999A-48B4-8A40-A0D38E388538}
		{1196EDA3-0F31-4F42-810F-89E4D7DDAB3A} = {59426DFE-AAD1-42A5-8580-D49D4AAD042F}
		{9AA11889-4879-4285-B364-63C0BFC5CCE9} = {59426DFE-AAD1-42A5-8580-D49D4AAD042F}
		{5B3A6AC1-54C7-443F-B77A-D0C78AFA9BDB} = {FC42661B-D672-4846-9E29-08B876529C9C}
		{26091F4B-0B2B-45A2-BF14-B895BD9FA831} = {5B3A6AC1-54C7-443F-B77A-D0C78AFA9BDB}
	EndGlobalSection
EndGlobal
