
Microsoft Visual Studio Solution File, Format Version 12.00
# Visual Studio Version 17
VisualStudioVersion = 17.5.002.0
MinimumVisualStudioVersion = 10.0.40219.1
Project("{2150E333-8FDC-42A3-9474-1A3956D46DE8}") = "tests", "tests", "{0B1524ED-BB57-4B79-A601-09099BFE4766}"
EndProject
Project("{9A19103F-16F7-4668-BE54-9A1E7A4F7556}") = "Integration.Tests", "tests\Integration\Integration.Tests.csproj", "{746AD94D-43D4-4758-B9B9-F0B1CA2D0B14}"
EndProject
Project("{9A19103F-16F7-4668-BE54-9A1E7A4F7556}") = "Web.Tests", "tests\Web\Web.Tests.csproj", "{B22BF028-4F33-441E-932F-7051D1D05BF8}"
EndProject
Project("{2150E333-8FDC-42A3-9474-1A3956D46DE8}") = "src", "src", "{97DBB667-6854-4283-99F2-82565EC447FD}"
EndProject
Project("{2150E333-8FDC-42A3-9474-1A3956D46DE8}") = "Core", "Core", "{66AD750B-CCD6-46B3-A7BB-FD0D76097537}"
EndProject
Project("{9A19103F-16F7-4668-BE54-9A1E7A4F7556}") = "Application", "src\Core\Application\Application.csproj", "{917E4B50-2FFB-4260-B15D-7008FDB30544}"
EndProject
Project("{9A19103F-16F7-4668-BE54-9A1E7A4F7556}") = "Common", "src\Core\Common\Common.csproj", "{00ED4AEF-E5F8-4B3F-98B5-D2396F9A7C2B}"
EndProject
Project("{9A19103F-16F7-4668-BE54-9A1E7A4F7556}") = "Domain", "src\Core\Domain\Domain.csproj", "{C1165BD9-ECAA-4947-9C4F-838FE9EF3FB8}"
EndProject
Project("{2150E333-8FDC-42A3-9474-1A3956D46DE8}") = "Infrastructure", "Infrastructure", "{928E3CAC-B94F-47CA-BF8A-3763993412C1}"
EndProject
Project("{9A19103F-16F7-4668-BE54-9A1E7A4F7556}") = "Infrastructure", "src\Infrastructure\Infrastructure\Infrastructure.csproj", "{2228CF86-2BA0-4A0C-B525-57519BF4FF2F}"
EndProject
Project("{2150E333-8FDC-42A3-9474-1A3956D46DE8}") = "Presentation", "Presentation", "{4B2FED71-5EB7-4653-A3A0-3423C15E46A6}"
EndProject
Project("{9A19103F-16F7-4668-BE54-9A1E7A4F7556}") = "STS", "src\Presentation\STS\STS.csproj", "{2925A1B7-A0D0-4A40-8155-00C6E38D3370}"
EndProject
Project("{FAE04EC0-301F-11D3-BF4B-00C04F79EFBC}") = "Infrastructure", "src\Infrastructure\Infrastructure\Infrastructure.csproj", "{26091F4B-0B2B-45A2-BF14-B895BD9FA831}"
EndProject
Project("{FAE04EC0-301F-11D3-BF4B-00C04F79EFBC}") = "NgNetCore.Domain.Core", "NgNetCore.Domain.Core\NgNetCore.Domain.Core.csproj", "{12E6A49D-0A81-4A19-8AAE-F34D51A2DC90}"
EndProject
Global
	GlobalSection(SolutionConfigurationPlatforms) = preSolution
		Debug|Any CPU = Debug|Any CPU
		Release|Any CPU = Release|Any CPU
	EndGlobalSection
	GlobalSection(ProjectConfigurationPlatforms) = postSolution
		{746AD94D-43D4-4758-B9B9-F0B1CA2D0B14}.Debug|Any CPU.ActiveCfg = Debug|Any CPU
		{746AD94D-43D4-4758-B9B9-F0B1CA2D0B14}.Debug|Any CPU.Build.0 = Debug|Any CPU
		{746AD94D-43D4-4758-B9B9-F0B1CA2D0B14}.Release|Any CPU.ActiveCfg = Release|Any CPU
		{746AD94D-43D4-4758-B9B9-F0B1CA2D0B14}.Release|Any CPU.Build.0 = Release|Any CPU
		{B22BF028-4F33-441E-932F-7051D1D05BF8}.Debug|Any CPU.ActiveCfg = Debug|Any CPU
		{B22BF028-4F33-441E-932F-7051D1D05BF8}.Debug|Any CPU.Build.0 = Debug|Any CPU
		{B22BF028-4F33-441E-932F-7051D1D05BF8}.Release|Any CPU.ActiveCfg = Release|Any CPU
		{B22BF028-4F33-441E-932F-7051D1D05BF8}.Release|Any CPU.Build.0 = Release|Any CPU
		{917E4B50-2FFB-4260-B15D-7008FDB30544}.Debug|Any CPU.ActiveCfg = Debug|Any CPU
		{917E4B50-2FFB-4260-B15D-7008FDB30544}.Debug|Any CPU.Build.0 = Debug|Any CPU
		{917E4B50-2FFB-4260-B15D-7008FDB30544}.Release|Any CPU.ActiveCfg = Release|Any CPU
		{917E4B50-2FFB-4260-B15D-7008FDB30544}.Release|Any CPU.Build.0 = Release|Any CPU
		{00ED4AEF-E5F8-4B3F-98B5-D2396F9A7C2B}.Debug|Any CPU.ActiveCfg = Debug|Any CPU
		{00ED4AEF-E5F8-4B3F-98B5-D2396F9A7C2B}.Debug|Any CPU.Build.0 = Debug|Any CPU
		{00ED4AEF-E5F8-4B3F-98B5-D2396F9A7C2B}.Release|Any CPU.ActiveCfg = Release|Any CPU
		{00ED4AEF-E5F8-4B3F-98B5-D2396F9A7C2B}.Release|Any CPU.Build.0 = Release|Any CPU
		{C1165BD9-ECAA-4947-9C4F-838FE9EF3FB8}.Debug|Any CPU.ActiveCfg = Debug|Any CPU
		{C1165BD9-ECAA-4947-9C4F-838FE9EF3FB8}.Debug|Any CPU.Build.0 = Debug|Any CPU
		{C1165BD9-ECAA-4947-9C4F-838FE9EF3FB8}.Release|Any CPU.ActiveCfg = Release|Any CPU
		{C1165BD9-ECAA-4947-9C4F-838FE9EF3FB8}.Release|Any CPU.Build.0 = Release|Any CPU
		{2228CF86-2BA0-4A0C-B525-57519BF4FF2F}.Debug|Any CPU.ActiveCfg = Debug|Any CPU
		{2228CF86-2BA0-4A0C-B525-57519BF4FF2F}.Debug|Any CPU.Build.0 = Debug|Any CPU
		{2228CF86-2BA0-4A0C-B525-57519BF4FF2F}.Release|Any CPU.ActiveCfg = Release|Any CPU
		{2228CF86-2BA0-4A0C-B525-57519BF4FF2F}.Release|Any CPU.Build.0 = Release|Any CPU
		{2925A1B7-A0D0-4A40-8155-00C6E38D3370}.Debug|Any CPU.ActiveCfg = Debug|Any CPU
		{2925A1B7-A0D0-4A40-8155-00C6E38D3370}.Debug|Any CPU.Build.0 = Debug|Any CPU
		{2925A1B7-A0D0-4A40-8155-00C6E38D3370}.Release|Any CPU.ActiveCfg = Release|Any CPU
		{2925A1B7-A0D0-4A40-8155-00C6E38D3370}.Release|Any CPU.Build.0 = Release|Any CPU
		{8888A951-7EAB-4A5C-9C81-1C1D2851DD71}.Debug|Any CPU.ActiveCfg = Debug|Any CPU
		{8888A951-7EAB-4A5C-9C81-1C1D2851DD71}.Debug|Any CPU.Build.0 = Debug|Any CPU
		{8888A951-7EAB-4A5C-9C81-1C1D2851DD71}.Release|Any CPU.ActiveCfg = Release|Any CPU
		{8888A951-7EAB-4A5C-9C81-1C1D2851DD71}.Release|Any CPU.Build.0 = Release|Any CPU
	EndGlobalSection
	GlobalSection(SolutionProperties) = preSolution
		HideSolutionNode = FALSE
	EndGlobalSection
	GlobalSection(ProjectConfigurationPlatforms) = postSolution
		{F268F92A-3EA2-4420-93B3-03DFC87ABEA8}.Debug|Any CPU.ActiveCfg = Debug|Any CPU
		{F268F92A-3EA2-4420-93B3-03DFC87ABEA8}.Debug|Any CPU.Build.0 = Debug|Any CPU
		{F268F92A-3EA2-4420-93B3-03DFC87ABEA8}.Release|Any CPU.ActiveCfg = Release|Any CPU
		{F268F92A-3EA2-4420-93B3-03DFC87ABEA8}.Release|Any CPU.Build.0 = Release|Any CPU
		{01D14DDD-5A41-485B-9D8D-796A8CF33E3D}.Debug|Any CPU.ActiveCfg = Debug|Any CPU
		{01D14DDD-5A41-485B-9D8D-796A8CF33E3D}.Debug|Any CPU.Build.0 = Debug|Any CPU
		{01D14DDD-5A41-485B-9D8D-796A8CF33E3D}.Release|Any CPU.ActiveCfg = Release|Any CPU
		{01D14DDD-5A41-485B-9D8D-796A8CF33E3D}.Release|Any CPU.Build.0 = Release|Any CPU
		{BF446751-A1B7-4E6C-ABC4-4EAB617F00AF}.Debug|Any CPU.ActiveCfg = Debug|Any CPU
		{BF446751-A1B7-4E6C-ABC4-4EAB617F00AF}.Debug|Any CPU.Build.0 = Debug|Any CPU
		{BF446751-A1B7-4E6C-ABC4-4EAB617F00AF}.Release|Any CPU.ActiveCfg = Release|Any CPU
		{BF446751-A1B7-4E6C-ABC4-4EAB617F00AF}.Release|Any CPU.Build.0 = Release|Any CPU
		{5DBC7AB2-790D-4C03-9B7A-92763E9451AF}.Debug|Any CPU.ActiveCfg = Debug|Any CPU
		{5DBC7AB2-790D-4C03-9B7A-92763E9451AF}.Debug|Any CPU.Build.0 = Debug|Any CPU
		{5DBC7AB2-790D-4C03-9B7A-92763E9451AF}.Release|Any CPU.ActiveCfg = Release|Any CPU
		{5DBC7AB2-790D-4C03-9B7A-92763E9451AF}.Release|Any CPU.Build.0 = Release|Any CPU
		{4070EC32-EF46-4066-B298-AEDA50A19924}.Debug|Any CPU.ActiveCfg = Debug|Any CPU
		{4070EC32-EF46-4066-B298-AEDA50A19924}.Debug|Any CPU.Build.0 = Debug|Any CPU
		{4070EC32-EF46-4066-B298-AEDA50A19924}.Release|Any CPU.ActiveCfg = Release|Any CPU
		{4070EC32-EF46-4066-B298-AEDA50A19924}.Release|Any CPU.Build.0 = Release|Any CPU
		{1196EDA3-0F31-4F42-810F-89E4D7DDAB3A}.Debug|Any CPU.ActiveCfg = Debug|Any CPU
		{1196EDA3-0F31-4F42-810F-89E4D7DDAB3A}.Debug|Any CPU.Build.0 = Debug|Any CPU
		{1196EDA3-0F31-4F42-810F-89E4D7DDAB3A}.Release|Any CPU.ActiveCfg = Release|Any CPU
		{1196EDA3-0F31-4F42-810F-89E4D7DDAB3A}.Release|Any CPU.Build.0 = Release|Any CPU
		{9AA11889-4879-4285-B364-63C0BFC5CCE9}.Debug|Any CPU.ActiveCfg = Debug|Any CPU
		{9AA11889-4879-4285-B364-63C0BFC5CCE9}.Debug|Any CPU.Build.0 = Debug|Any CPU
		{9AA11889-4879-4285-B364-63C0BFC5CCE9}.Release|Any CPU.ActiveCfg = Release|Any CPU
		{9AA11889-4879-4285-B364-63C0BFC5CCE9}.Release|Any CPU.Build.0 = Release|Any CPU
		{26091F4B-0B2B-45A2-BF14-B895BD9FA831}.Debug|Any CPU.ActiveCfg = Debug|Any CPU
		{26091F4B-0B2B-45A2-BF14-B895BD9FA831}.Debug|Any CPU.Build.0 = Debug|Any CPU
		{26091F4B-0B2B-45A2-BF14-B895BD9FA831}.Release|Any CPU.ActiveCfg = Release|Any CPU
		{26091F4B-0B2B-45A2-BF14-B895BD9FA831}.Release|Any CPU.Build.0 = Release|Any CPU
		{12E6A49D-0A81-4A19-8AAE-F34D51A2DC90}.Debug|Any CPU.ActiveCfg = Debug|Any CPU
		{12E6A49D-0A81-4A19-8AAE-F34D51A2DC90}.Debug|Any CPU.Build.0 = Debug|Any CPU
		{12E6A49D-0A81-4A19-8AAE-F34D51A2DC90}.Release|Any CPU.ActiveCfg = Release|Any CPU
		{12E6A49D-0A81-4A19-8AAE-F34D51A2DC90}.Release|Any CPU.Build.0 = Release|Any CPU
	EndGlobalSection
	GlobalSection(NestedProjects) = preSolution
		{746AD94D-43D4-4758-B9B9-F0B1CA2D0B14} = {0B1524ED-BB57-4B79-A601-09099BFE4766}
		{B22BF028-4F33-441E-932F-7051D1D05BF8} = {0B1524ED-BB57-4B79-A601-09099BFE4766}
		{66AD750B-CCD6-46B3-A7BB-FD0D76097537} = {97DBB667-6854-4283-99F2-82565EC447FD}
		{917E4B50-2FFB-4260-B15D-7008FDB30544} = {66AD750B-CCD6-46B3-A7BB-FD0D76097537}
		{00ED4AEF-E5F8-4B3F-98B5-D2396F9A7C2B} = {66AD750B-CCD6-46B3-A7BB-FD0D76097537}
		{C1165BD9-ECAA-4947-9C4F-838FE9EF3FB8} = {66AD750B-CCD6-46B3-A7BB-FD0D76097537}
		{928E3CAC-B94F-47CA-BF8A-3763993412C1} = {97DBB667-6854-4283-99F2-82565EC447FD}
		{2228CF86-2BA0-4A0C-B525-57519BF4FF2F} = {928E3CAC-B94F-47CA-BF8A-3763993412C1}
		{4B2FED71-5EB7-4653-A3A0-3423C15E46A6} = {97DBB667-6854-4283-99F2-82565EC447FD}
		{2925A1B7-A0D0-4A40-8155-00C6E38D3370} = {4B2FED71-5EB7-4653-A3A0-3423C15E46A6}
		{8888A951-7EAB-4A5C-9C81-1C1D2851DD71} = {4B2FED71-5EB7-4653-A3A0-3423C15E46A6}
	EndGlobalSection
	GlobalSection(ExtensibilityGlobals) = postSolution
		SolutionGuid = {BAE64139-5B2E-4F23-B82B-8A77864F6878}
	EndGlobalSection
EndGlobal
